// !$*UTF8*$!
{
	archiveVersion = 1;
	classes = {
	};
	objectVersion = 77;
	objects = {

/* Begin PBXContainerItemProxy section */
		5178D42F2F7620D0005D6E85 /* PBXContainerItemProxy */ = {
			isa = PBXContainerItemProxy;
			containerPortal = 5178D4192F7620CF005D6E85 /* Project object */;
			proxyType = 1;
			remoteGlobalIDString = 5178D4202F7620CF005D6E85;
			remoteInfo = SyncSensorApp;
		};
		5178D4392F7620D0005D6E85 /* PBXContainerItemProxy */ = {
			isa = PBXContainerItemProxy;
			containerPortal = 5178D4192F7620CF005D6E85 /* Project object */;
			proxyType = 1;
			remoteGlobalIDString = 5178D4202F7620CF005D6E85;
			remoteInfo = SyncSensorApp;
		};
/* End PBXContainerItemProxy section */

/* Begin PBXFileReference section */
		5178D4212F7620CF005D6E85 /* SyncSensorApp.app */ = {isa = PBXFileReference; explicitFileType = wrapper.application; includeInIndex = 0; path = SyncSensorApp.app; sourceTree = BUILT_PRODUCTS_DIR; };
		5178D42E2F7620D0005D6E85 /* SyncSensorAppTests.xctest */ = {isa = PBXFileReference; explicitFileType = wrapper.cfbundle; includeInIndex = 0; path = SyncSensorAppTests.xctest; sourceTree = BUILT_PRODUCTS_DIR; };
		5178D4382F7620D0005D6E85 /* SyncSensorAppUITests.xctest */ = {isa = PBXFileReference; explicitFileType = wrapper.cfbundle; includeInIndex = 0; path = SyncSensorAppUITests.xctest; sourceTree = BUILT_PRODUCTS_DIR; };
/* End PBXFileReference section */

/* Begin PBXFileSystemSynchronizedRootGroup section */
		5178D4232F7620CF005D6E85 /* SyncSensorApp */ = {
			isa = PBXFileSystemSynchronizedRootGroup;
			path = SyncSensorApp;
			sourceTree = "<group>";
		};
		5178D4312F7620D0005D6E85 /* SyncSensorAppTests */ = {
			isa = PBXFileSystemSynchronizedRootGroup;
			path = SyncSensorAppTests;
			sourceTree = "<group>";
		};
		5178D43B2F7620D0005D6E85 /* SyncSensorAppUITests */ = {
			isa = PBXFileSystemSynchronizedRootGroup;
			path = SyncSensorAppUITests;
			sourceTree = "<group>";
		};
/* End PBXFileSystemSynchronizedRootGroup section */

/* Begin PBXFrameworksBuildPhase section */
		5178D41E2F7620CF005D6E85 /* Frameworks */ = {
			isa = PBXFrameworksBuildPhase;
			buildActionMask = 2147483647;
			files = (
			);
			runOnlyForDeploymentPostprocessing = 0;
		};
		5178D42B2F7620D0005D6E85 /* Frameworks */ = {
			isa = PBXFrameworksBuildPhase;
			buildActionMask = 2147483647;
			files = (
			);
			runOnlyForDeploymentPostprocessing = 0;
		};
		5178D4352F7620D0005D6E85 /* Frameworks */ = {
			isa = PBXFrameworksBuildPhase;
			buildActionMask = 2147483647;
			files = (
			);
			runOnlyForDeploymentPostprocessing = 0;
		};
/* End PBXFrameworksBuildPhase section */

/* Begin PBXGroup section */
		5178D4182F7620CF005D6E85 = {
			isa = PBXGroup;
			children = (
				5178D4232F7620CF005D6E85 /* SyncSensorApp */,
				5178D4312F7620D0005D6E85 /* SyncSensorAppTests */,
				5178D43B2F7620D0005D6E85 /* SyncSensorAppUITests */,
				5178D4222F7620CF005D6E85 /* Products */,
			);
			sourceTree = "<group>";
		};
		5178D4222F7620CF005D6E85 /* Products */ = {
			isa = PBXGroup;
			children = (
				5178D4212F7620CF005D6E85 /* SyncSensorApp.app */,
				5178D42E2F7620D0005D6E85 /* SyncSensorAppTests.xctest */,
				5178D4382F7620D0005D6E85 /* SyncSensorAppUITests.xctest */,
			);
			name = Products;
			sourceTree = "<group>";
		};
/* End PBXGroup section */

/* Begin PBXNativeTarget section */
		5178D4202F7620CF005D6E85 /* SyncSensorApp */ = {
			isa = PBXNativeTarget;
			buildConfigurationList = 5178D4422F7620D0005D6E85 /* Build configuration list for PBXNativeTarget "SyncSensorApp" */;
			buildPhases = (
				5178D41D2F7620CF005D6E85 /* Sources */,
				5178D41E2F7620CF005D6E85 /* Frameworks */,
				5178D41F2F7620CF005D6E85 /* Resources */,
			);
			buildRules = (
			);
			dependencies = (
			);
			fileSystemSynchronizedGroups = (
				5178D4232F7620CF005D6E85 /* SyncSensorApp */,
			);
			name = SyncSensorApp;
			packageProductDependencies = (
			);
			productName = SyncSensorApp;
			productReference = 5178D4212F7620CF005D6E85 /* SyncSensorApp.app */;
			productType = "com.apple.product-type.application";
		};
		5178D42D2F7620D0005D6E85 /* SyncSensorAppTests */ = {
			isa = PBXNativeTarget;
			buildConfigurationList = 5178D4452F7620D0005D6E85 /* Build configuration list for PBXNativeTarget "SyncSensorAppTests" */;
			buildPhases = (
				5178D42A2F7620D0005D6E85 /* Sources */,
				5178D42B2F7620D0005D6E85 /* Frameworks */,
				5178D42C2F7620D0005D6E85 /* Resources */,
			);
			buildRules = (
			);
			dependencies = (
				5178D4302F7620D0005D6E85 /* PBXTargetDependency */,
			);
			fileSystemSynchronizedGroups = (
				5178D4312F7620D0005D6E85 /* SyncSensorAppTests */,
			);
			name = SyncSensorAppTests;
			packageProductDependencies = (
			);
			productName = SyncSensorAppTests;
			productReference = 5178D42E2F7620D0005D6E85 /* SyncSensorAppTests.xctest */;
			productType = "com.apple.product-type.bundle.unit-test";
		};
		5178D4372F7620D0005D6E85 /* SyncSensorAppUITests */ = {
			isa = PBXNativeTarget;
			buildConfigurationList = 5178D4482F7620D0005D6E85 /* Build configuration list for PBXNativeTarget "SyncSensorAppUITests" */;
			buildPhases = (
				5178D4342F7620D0005D6E85 /* Sources */,
				5178D4352F7620D0005D6E85 /* Frameworks */,
				5178D4362F7620D0005D6E85 /* Resources */,
			);
			buildRules = (
			);
			dependencies = (
				5178D43A2F7620D0005D6E85 /* PBXTargetDependency */,
			);
			fileSystemSynchronizedGroups = (
				5178D43B2F7620D0005D6E85 /* SyncSensorAppUITests */,
			);
			name = SyncSensorAppUITests;
			packageProductDependencies = (
			);
			productName = SyncSensorAppUITests;
			productReference = 5178D4382F7620D0005D6E85 /* SyncSensorAppUITests.xctest */;
			productType = "com.apple.product-type.bundle.ui-testing";
		};
/* End PBXNativeTarget section */

/* Begin PBXProject section */
		5178D4192F7620CF005D6E85 /* Project object */ = {
			isa = PBXProject;
			attributes = {
				BuildIndependentTargetsInParallel = 1;
				LastSwiftUpdateCheck = 1640;
				LastUpgradeCheck = 1640;
				TargetAttributes = {
					5178D4202F7620CF005D6E85 = {
						CreatedOnToolsVersion = 16.4;
					};
					5178D42D2F7620D0005D6E85 = {
						CreatedOnToolsVersion = 16.4;
						TestTargetID = 5178D4202F7620CF005D6E85;
					};
					5178D4372F7620D0005D6E85 = {
						CreatedOnToolsVersion = 16.4;
						TestTargetID = 5178D4202F7620CF005D6E85;
					};
				};
			};
			buildConfigurationList = 5178D41C2F7620CF005D6E85 /* Build configuration list for PBXProject "SyncSensorApp" */;
			developmentRegion = en;
			hasScannedForEncodings = 0;
			knownRegions = (
				en,
				Base,
			);
			mainGroup = 5178D4182F7620CF005D6E85;
			minimizedProjectReferenceProxies = 1;
			preferredProjectObjectVersion = 77;
			productRefGroup = 5178D4222F7620CF005D6E85 /* Products */;
			projectDirPath = "";
			projectRoot = "";
			targets = (
				5178D4202F7620CF005D6E85 /* SyncSensorApp */,
				5178D42D2F7620D0005D6E85 /* SyncSensorAppTests */,
				5178D4372F7620D0005D6E85 /* SyncSensorAppUITests */,
			);
		};
/* End PBXProject section */

/* Begin PBXResourcesBuildPhase section */
		5178D41F2F7620CF005D6E85 /* Resources */ = {
			isa = PBXResourcesBuildPhase;
			buildActionMask = 2147483647;
			files = (
			);
			runOnlyForDeploymentPostprocessing = 0;
		};
		5178D42C2F7620D0005D6E85 /* Resources */ = {
			isa = PBXResourcesBuildPhase;
			buildActionMask = 2147483647;
			files = (
			);
			runOnlyForDeploymentPostprocessing = 0;
		};
		5178D4362F7620D0005D6E85 /* Resources */ = {
			isa = PBXResourcesBuildPhase;
			buildActionMask = 2147483647;
			files = (
			);
			runOnlyForDeploymentPostprocessing = 0;
		};
/* End PBXResourcesBuildPhase section */

/* Begin PBXSourcesBuildPhase section */
		5178D41D2F7620CF005D6E85 /* Sources */ = {
			isa = PBXSourcesBuildPhase;
			buildActionMask = 2147483647;
			files = (
			);
			runOnlyForDeploymentPostprocessing = 0;
		};
		5178D42A2F7620D0005D6E85 /* Sources */ = {
			isa = PBXSourcesBuildPhase;
			buildActionMask = 2147483647;
			files = (
			);
			runOnlyForDeploymentPostprocessing = 0;
		};
		5178D4342F7620D0005D6E85 /* Sources */ = {
			isa = PBXSourcesBuildPhase;
			buildActionMask = 2147483647;
			files = (
			);
			runOnlyForDeploymentPostprocessing = 0;
		};
/* End PBXSourcesBuildPhase section */

/* Begin PBXTargetDependency section */
		5178D4302F7620D0005D6E85 /* PBXTargetDependency */ = {
			isa = PBXTargetDependency;
			target = 5178D4202F7620CF005D6E85 /* SyncSensorApp */;
			targetProxy = 5178D42F2F7620D0005D6E85 /* PBXContainerItemProxy */;
		};
		5178D43A2F7620D0005D6E85 /* PBXTargetDependency */ = {
			isa = PBXTargetDependency;
			target = 5178D4202F7620CF005D6E85 /* SyncSensorApp */;
			targetProxy = 5178D4392F7620D0005D6E85 /* PBXContainerItemProxy */;
		};
/* End PBXTargetDependency section */

/* Begin XCBuildConfiguration section */
		5178D4402F7620D0005D6E85 /* Debug */ = {
			isa = XCBuildConfiguration;
			buildSettings = {
				ALWAYS_SEARCH_USER_PATHS = NO;
				ASSETCATALOG_COMPILER_GENERATE_SWIFT_ASSET_SYMBOL_EXTENSIONS = YES;
				CLANG_ANALYZER_NONNULL = YES;
				CLANG_ANALYZER_NUMBER_OBJECT_CONVERSION = YES_AGGRESSIVE;
				CLANG_CXX_LANGUAGE_STANDARD = "gnu++20";
				CLANG_ENABLE_MODULES = YES;
				CLANG_ENABLE_OBJC_ARC = YES;
				CLANG_ENABLE_OBJC_WEAK = YES;
				CLANG_WARN_BLOCK_CAPTURE_AUTORELEASING = YES;
				CLANG_WARN_BOOL_CONVERSION = YES;
				CLANG_WARN_COMMA = YES;
				CLANG_WARN_CONSTANT_CONVERSION = YES;
				CLANG_WARN_DEPRECATED_OBJC_IMPLEMENTATIONS = YES;
				CLANG_WARN_DIRECT_OBJC_ISA_USAGE = YES_ERROR;
				CLANG_WARN_DOCUMENTATION_COMMENTS = YES;
				CLANG_WARN_EMPTY_BODY = YES;
				CLANG_WARN_ENUM_CONVERSION = YES;
				CLANG_WARN_INFINITE_RECURSION = YES;
				CLANG_WARN_INT_CONVERSION = YES;
				CLANG_WARN_NON_LITERAL_NULL_CONVERSION = YES;
				CLANG_WARN_OBJC_IMPLICIT_RETAIN_SELF = YES;
				CLANG_WARN_OBJC_LITERAL_CONVERSION = YES;
				CLANG_WARN_OBJC_ROOT_CLASS = YES_ERROR;
				CLANG_WARN_QUOTED_INCLUDE_IN_FRAMEWORK_HEADER = YES;
				CLANG_WARN_RANGE_LOOP_ANALYSIS = YES;
				CLANG_WARN_STRICT_PROTOTYPES = YES;
				CLANG_WARN_SUSPICIOUS_MOVE = YES;
				CLANG_WARN_UNGUARDED_AVAILABILITY = YES_AGGRESSIVE;
				CLANG_WARN_UNREACHABLE_CODE = YES;
				CLANG_WARN__DUPLICATE_METHOD_MATCH = YES;
				COPY_PHASE_STRIP = NO;
				DEBUG_INFORMATION_FORMAT = dwarf;
				DEVELOPMENT_TEAM = 933W6ZTQZ8;
				ENABLE_STRICT_OBJC_MSGSEND = YES;
				ENABLE_TESTABILITY = YES;
				ENABLE_USER_SCRIPT_SANDBOXING = YES;
				GCC_C_LANGUAGE_STANDARD = gnu17;
				GCC_DYNAMIC_NO_PIC = NO;
				GCC_NO_COMMON_BLOCKS = YES;
				GCC_OPTIMIZATION_LEVEL = 0;
				GCC_PREPROCESSOR_DEFINITIONS = (
					"DEBUG=1",
					"$(inherited)",
				);
				GCC_WARN_64_TO_32_BIT_CONVERSION = YES;
				GCC_WARN_ABOUT_RETURN_TYPE = YES_ERROR;
				GCC_WARN_UNDECLARED_SELECTOR = YES;
				GCC_WARN_UNINITIALIZED_AUTOS = YES_AGGRESSIVE;
				GCC_WARN_UNUSED_FUNCTION = YES;
				GCC_WARN_UNUSED_VARIABLE = YES;
				IPHONEOS_DEPLOYMENT_TARGET = 18.5;
				LOCALIZATION_PREFERS_STRING_CATALOGS = YES;
				MTL_ENABLE_DEBUG_INFO = INCLUDE_SOURCE;
				MTL_FAST_MATH = YES;
				ONLY_ACTIVE_ARCH = YES;
				SDKROOT = iphoneos;
				SWIFT_ACTIVE_COMPILATION_CONDITIONS = "DEBUG $(inherited)";
				SWIFT_OPTIMIZATION_LEVEL = "-Onone";
			};
			name = Debug;
		};
		5178D4412F7620D0005D6E85 /* Release */ = {
			isa = XCBuildConfiguration;
			buildSettings = {
				ALWAYS_SEARCH_USER_PATHS = NO;
				ASSETCATALOG_COMPILER_GENERATE_SWIFT_ASSET_SYMBOL_EXTENSIONS = YES;
				CLANG_ANALYZER_NONNULL = YES;
				CLANG_ANALYZER_NUMBER_OBJECT_CONVERSION = YES_AGGRESSIVE;
				CLANG_CXX_LANGUAGE_STANDARD = "gnu++20";
				CLANG_ENABLE_MODULES = YES;
				CLANG_ENABLE_OBJC_ARC = YES;
				CLANG_ENABLE_OBJC_WEAK = YES;
				CLANG_WARN_BLOCK_CAPTURE_AUTORELEASING = YES;
				CLANG_WARN_BOOL_CONVERSION = YES;
				CLANG_WARN_COMMA = YES;
				CLANG_WARN_CONSTANT_CONVERSION = YES;
				CLANG_WARN_DEPRECATED_OBJC_IMPLEMENTATIONS = YES;
				CLANG_WARN_DIRECT_OBJC_ISA_USAGE = YES_ERROR;
				CLANG_WARN_DOCUMENTATION_COMMENTS = YES;
				CLANG_WARN_EMPTY_BODY = YES;
				CLANG_WARN_ENUM_CONVERSION = YES;
				CLANG_WARN_INFINITE_RECURSION = YES;
				CLANG_WARN_INT_CONVERSION = YES;
				CLANG_WARN_NON_LITERAL_NULL_CONVERSION = YES;
				CLANG_WARN_OBJC_IMPLICIT_RETAIN_SELF = YES;
				CLANG_WARN_OBJC_LITERAL_CONVERSION = YES;
				CLANG_WARN_OBJC_ROOT_CLASS = YES_ERROR;
				CLANG_WARN_QUOTED_INCLUDE_IN_FRAMEWORK_HEADER = YES;
				CLANG_WARN_RANGE_LOOP_ANALYSIS = YES;
				CLANG_WARN_STRICT_PROTOTYPES = YES;
				CLANG_WARN_SUSPICIOUS_MOVE = YES;
				CLANG_WARN_UNGUARDED_AVAILABILITY = YES_AGGRESSIVE;
				CLANG_WARN_UNREACHABLE_CODE = YES;
				CLANG_WARN__DUPLICATE_METHOD_MATCH = YES;
				COPY_PHASE_STRIP = NO;
				DEBUG_INFORMATION_FORMAT = "dwarf-with-dsym";
				DEVELOPMENT_TEAM = 933W6ZTQZ8;
				ENABLE_NS_ASSERTIONS = NO;
				ENABLE_STRICT_OBJC_MSGSEND = YES;
				ENABLE_USER_SCRIPT_SANDBOXING = YES;
				GCC_C_LANGUAGE_STANDARD = gnu17;
				GCC_NO_COMMON_BLOCKS = YES;
				GCC_WARN_64_TO_32_BIT_CONVERSION = YES;
				GCC_WARN_ABOUT_RETURN_TYPE = YES_ERROR;
				GCC_WARN_UNDECLARED_SELECTOR = YES;
				GCC_WARN_UNINITIALIZED_AUTOS = YES_AGGRESSIVE;
				GCC_WARN_UNUSED_FUNCTION = YES;
				GCC_WARN_UNUSED_VARIABLE = YES;
				IPHONEOS_DEPLOYMENT_TARGET = 18.5;
				LOCALIZATION_PREFERS_STRING_CATALOGS = YES;
				MTL_ENABLE_DEBUG_INFO = NO;
				MTL_FAST_MATH = YES;
				SDKROOT = iphoneos;
				SWIFT_COMPILATION_MODE = wholemodule;
				VALIDATE_PRODUCT = YES;
			};
			name = Release;
		};
		5178D4432F7620D0005D6E85 /* Debug */ = {
			isa = XCBuildConfiguration;
			buildSettings = {
				ASSETCATALOG_COMPILER_APPICON_NAME = AppIcon;
				ASSETCATALOG_COMPILER_GLOBAL_ACCENT_COLOR_NAME = AccentColor;
				CODE_SIGN_STYLE = Automatic;
				CURRENT_PROJECT_VERSION = 1;
				DEVELOPMENT_TEAM = 933W6ZTQZ8;
				ENABLE_PREVIEWS = YES;
				GENERATE_INFOPLIST_FILE = YES;
				INFOPLIST_FILE = "";
				INFOPLIST_KEY_NSCameraUsageDescription = "We need camera access to capture gait video.";
				INFOPLIST_KEY_NSMicrophoneUsageDescription = "We need microphone access to capture footstep audio.";
				INFOPLIST_KEY_UIApplicationSceneManifest_Generation = YES;
				INFOPLIST_KEY_UIApplicationSupportsIndirectInputEvents = YES;
				INFOPLIST_KEY_UILaunchScreen_Generation = YES;
				INFOPLIST_KEY_UISupportedInterfaceOrientations_iPad = "UIInterfaceOrientationPortrait UIInterfaceOrientationPortraitUpsideDown UIInterfaceOrientationLandscapeLeft UIInterfaceOrientationLandscapeRight";
				INFOPLIST_KEY_UISupportedInterfaceOrientations_iPhone = "UIInterfaceOrientationPortrait UIInterfaceOrientationLandscapeLeft UIInterfaceOrientationLandscapeRight";
				LD_RUNPATH_SEARCH_PATHS = (
					"$(inherited)",
					"@executable_path/Frameworks",
				);
				MARKETING_VERSION = 1.0;
				PRODUCT_BUNDLE_IDENTIFIER = edu.sscs.SyncSensorApp;
				PRODUCT_NAME = "$(TARGET_NAME)";
				SWIFT_EMIT_LOC_STRINGS = YES;
				SWIFT_VERSION = 5.0;
				TARGETED_DEVICE_FAMILY = "1,2";
			};
			name = Debug;
		};
		5178D4442F7620D0005D6E85 /* Release */ = {
			isa = XCBuildConfiguration;
			buildSettings = {
				ASSETCATALOG_COMPILER_APPICON_NAME = AppIcon;
				ASSETCATALOG_COMPILER_GLOBAL_ACCENT_COLOR_NAME = AccentColor;
				CODE_SIGN_STYLE = Automatic;
				CURRENT_PROJECT_VERSION = 1;
				DEVELOPMENT_TEAM = 933W6ZTQZ8;
				ENABLE_PREVIEWS = YES;
				GENERATE_INFOPLIST_FILE = YES;
				INFOPLIST_FILE = "";
				INFOPLIST_KEY_NSCameraUsageDescription = "We need camera access to capture gait video.";
				INFOPLIST_KEY_NSMicrophoneUsageDescription = "We need microphone access to capture footstep audio.";
				INFOPLIST_KEY_UIApplicationSceneManifest_Generation = YES;
				INFOPLIST_KEY_UIApplicationSupportsIndirectInputEvents = YES;
				INFOPLIST_KEY_UILaunchScreen_Generation = YES;
				INFOPLIST_KEY_UISupportedInterfaceOrientations_iPad = "UIInterfaceOrientationPortrait UIInterfaceOrientationPortraitUpsideDown UIInterfaceOrientationLandscapeLeft UIInterfaceOrientationLandscapeRight";
				INFOPLIST_KEY_UISupportedInterfaceOrientations_iPhone = "UIInterfaceOrientationPortrait UIInterfaceOrientationLandscapeLeft UIInterfaceOrientationLandscapeRight";
				LD_RUNPATH_SEARCH_PATHS = (
					"$(inherited)",
					"@executable_path/Frameworks",
				);
				MARKETING_VERSION = 1.0;
				PRODUCT_BUNDLE_IDENTIFIER = edu.sscs.SyncSensorApp;
				PRODUCT_NAME = "$(TARGET_NAME)";
				SWIFT_EMIT_LOC_STRINGS = YES;
				SWIFT_VERSION = 5.0;
				TARGETED_DEVICE_FAMILY = "1,2";
			};
			name = Release;
		};
		5178D4462F7620D0005D6E85 /* Debug */ = {
			isa = XCBuildConfiguration;
			buildSettings = {
				BUNDLE_LOADER = "$(TEST_HOST)";
				CODE_SIGN_STYLE = Automatic;
				CURRENT_PROJECT_VERSION = 1;
				DEVELOPMENT_TEAM = 933W6ZTQZ8;
				GENERATE_INFOPLIST_FILE = YES;
				IPHONEOS_DEPLOYMENT_TARGET = 18.5;
				MARKETING_VERSION = 1.0;
				PRODUCT_BUNDLE_IDENTIFIER = edu.sscs.SyncSensorAppTests;
				PRODUCT_NAME = "$(TARGET_NAME)";
				SWIFT_EMIT_LOC_STRINGS = NO;
				SWIFT_VERSION = 5.0;
				TARGETED_DEVICE_FAMILY = "1,2";
				TEST_HOST = "$(BUILT_PRODUCTS_DIR)/SyncSensorApp.app/$(BUNDLE_EXECUTABLE_FOLDER_PATH)/SyncSensorApp";
			};
			name = Debug;
		};
		5178D4472F7620D0005D6E85 /* Release */ = {
			isa = XCBuildConfiguration;
			buildSettings = {
				BUNDLE_LOADER = "$(TEST_HOST)";
				CODE_SIGN_STYLE = Automatic;
				CURRENT_PROJECT_VERSION = 1;
				DEVELOPMENT_TEAM = 933W6ZTQZ8;
				GENERATE_INFOPLIST_FILE = YES;
				IPHONEOS_DEPLOYMENT_TARGET = 18.5;
				MARKETING_VERSION = 1.0;
				PRODUCT_BUNDLE_IDENTIFIER = edu.sscs.SyncSensorAppTests;
				PRODUCT_NAME = "$(TARGET_NAME)";
				SWIFT_EMIT_LOC_STRINGS = NO;
				SWIFT_VERSION = 5.0;
				TARGETED_DEVICE_FAMILY = "1,2";
				TEST_HOST = "$(BUILT_PRODUCTS_DIR)/SyncSensorApp.app/$(BUNDLE_EXECUTABLE_FOLDER_PATH)/SyncSensorApp";
			};
			name = Release;
		};
		5178D4492F7620D0005D6E85 /* Debug */ = {
			isa = XCBuildConfiguration;
			buildSettings = {
				CODE_SIGN_STYLE = Automatic;
				CURRENT_PROJECT_VERSION = 1;
				DEVELOPMENT_TEAM = 933W6ZTQZ8;
				GENERATE_INFOPLIST_FILE = YES;
				MARKETING_VERSION = 1.0;
				PRODUCT_BUNDLE_IDENTIFIER = edu.sscs.SyncSensorAppUITests;
				PRODUCT_NAME = "$(TARGET_NAME)";
				SWIFT_EMIT_LOC_STRINGS = NO;
				SWIFT_VERSION = 5.0;
				TARGETED_DEVICE_FAMILY = "1,2";
				TEST_TARGET_NAME = SyncSensorApp;
			};
			name = Debug;
		};
		5178D44A2F7620D0005D6E85 /* Release */ = {
			isa = XCBuildConfiguration;
			buildSettings = {
				CODE_SIGN_STYLE = Automatic;
				CURRENT_PROJECT_VERSION = 1;
				DEVELOPMENT_TEAM = 933W6ZTQZ8;
				GENERATE_INFOPLIST_FILE = YES;
				MARKETING_VERSION = 1.0;
				PRODUCT_BUNDLE_IDENTIFIER = edu.sscs.SyncSensorAppUITests;
				PRODUCT_NAME = "$(TARGET_NAME)";
				SWIFT_EMIT_LOC_STRINGS = NO;
				SWIFT_VERSION = 5.0;
				TARGETED_DEVICE_FAMILY = "1,2";
				TEST_TARGET_NAME = SyncSensorApp;
			};
			name = Release;
		};
/* End XCBuildConfiguration section */

/* Begin XCConfigurationList section */
		5178D41C2F7620CF005D6E85 /* Build configuration list for PBXProject "SyncSensorApp" */ = {
			isa = XCConfigurationList;
			buildConfigurations = (
				5178D4402F7620D0005D6E85 /* Debug */,
				5178D4412F7620D0005D6E85 /* Release */,
			);
			defaultConfigurationIsVisible = 0;
			defaultConfigurationName = Release;
		};
		5178D4422F7620D0005D6E85 /* Build configuration list for PBXNativeTarget "SyncSensorApp" */ = {
			isa = XCConfigurationList;
			buildConfigurations = (
				5178D4432F7620D0005D6E85 /* Debug */,
				5178D4442F7620D0005D6E85 /* Release */,
			);
			defaultConfigurationIsVisible = 0;
			defaultConfigurationName = Release;
		};
		5178D4452F7620D0005D6E85 /* Build configuration list for PBXNativeTarget "SyncSensorAppTests" */ = {
			isa = XCConfigurationList;
			buildConfigurations = (
				5178D4462F7620D0005D6E85 /* Debug */,
				5178D4472F7620D0005D6E85 /* Release */,
			);
			defaultConfigurationIsVisible = 0;
			defaultConfigurationName = Release;
		};
		5178D4482F7620D0005D6E85 /* Build configuration list for PBXNativeTarget "SyncSensorAppUITests" */ = {
			isa = XCConfigurationList;
			buildConfigurations = (
				5178D4492F7620D0005D6E85 /* Debug */,
				5178D44A2F7620D0005D6E85 /* Release */,
			);
			defaultConfigurationIsVisible = 0;
			defaultConfigurationName = Release;
		};
/* End XCConfigurationList section */
	};
	rootObject = 5178D4192F7620CF005D6E85 /* Project object */;
}
